{
    "hash": "dc69575f095998675d5452bccee43ebf",
    "packages": [

    ],
    "packages-dev": [
        {
            "name": "mockery/mockery",
            "version": "0.7.2",
            "source": {
                "type": "git",
                "url": "git://github.com/padraic/mockery.git",
                "reference": "0.7.2"
            },
            "dist": {
                "type": "zip",
                "url": "https://github.com/padraic/mockery/zipball/0.7.2",
                "reference": "0.7.2",
                "shasum": ""
            },
            "require": {
                "php": ">=5.3.2"
            },
            "suggest": {
                "Hamcrest": "1.0.0"
            },
            "time": "2012-01-24 12:22:39",
            "type": "library",
            "autoload": {
                "psr-0": {
                    "Mockery": "library/"
                }
            },
            "notification-url": "https://packagist.org/downloads/",
            "license": [
                "New BSD"
            ],
            "authors": [
                {
                    "name": "Pádraic Brady",
                    "email": "padraic.brady@gmail.com",
                    "homepage": "http://blog.astrumfutura.com"
                }
            ],
            "description": "Mockery is a simple yet flexible PHP mock object framework for use in unit testing with PHPUnit, PHPSpec or any other testing framework. Its core goal is to offer a test double framework with a succint API capable of clearly defining all possible object operations and interactions using a human readable Domain Specific Language (DSL). Designed as a drop in alternative to PHPUnit's phpunit-mock-objects library, Mockery is easy to integrate with PHPUnit and can operate alongside phpunit-mock-objects without the World ending.",
            "homepage": "http://github.com/padraic/mockery",
            "keywords": [
                "testing",
                "library",
                "BDD",
                "TDD",
                "test",
                "mockery",
                "mock",
                "stub",
                "test double",
                "mock objects"
            ]
        },
        {
            "name": "simpletest/simpletest",
            "version": "1.1.0",
            "dist": {
                "type": "tar",
                "url": "http://downloads.sourceforge.net/project/simpletest/simpletest/simpletest_1.1/simpletest_1.1.0.tar.gz?r=http%3A%2F%2Fsourceforge.net%2Fprojects%2Fsimpletest%2Ffiles%2Fsimpletest%2Fsimpletest_1.1%2Fsimpletest_1.1.0.tar.gz%2Fdownload&ts=1358483294&use_mirror=voxel",
                "reference": null,
                "shasum": null
            },
            "type": "library"
        }
    ],
    "aliases": [

    ],
    "minimum-stability": "stable",
    "stability-flags": [

    ]
}
